
Microsoft Visual Studio Solution File, Format Version 12.00
# Visual Studio Version 16
VisualStudioVersion = 16.0.31129.286
MinimumVisualStudioVersion = 10.0.40219.1
Project("{8BC9CEB8-8B4A-11D0-8D11-00A0C91BC942}") = "Client", "Client\Client.vcxproj", "{7146F267-27BF-4313-8CA2-C451BEABFF87}"
EndProject
Project("{8BC9CEB8-8B4A-11D0-8D11-00A0C91BC942}") = "Server", "Server\Server.vcxproj", "{22B5ABF2-DBE8-4BF4-A4FA-67D643EEF36D}"
EndProject
Project("{2150E333-8FDC-42A3-9474-1A3956D46DE8}") = "Solution Items", "Solution Items", "{E1012B95-EF44-4770-9DFF-4274EC24262C}"
EndProject
Global
	GlobalSection(SolutionConfigurationPlatforms) = preSolution
		Debug|x64 = Debug|x64
		Debug|x86 = Debug|x86
		Release|x64 = Release|x64
		Release|x86 = Release|x86
	EndGlobalSection
	GlobalSection(ProjectConfigurationPlatforms) = postSolution
		{7146F267-27BF-4313-8CA2-C451BEABFF87}.Debug|x64.ActiveCfg = Debug|x64
		{7146F267-27BF-4313-8CA2-C451BEABFF87}.Debug|x64.Build.0 = Debug|x64
		{7146F267-27BF-4313-8CA2-C451BEABFF87}.Debug|x86.ActiveCfg = Debug|Win32
		{7146F267-27BF-4313-8CA2-C451BEABFF87}.Debug|x86.Build.0 = Debug|Win32
		{7146F267-27BF-4313-8CA2-C451BEABFF87}.Release|x64.ActiveCfg = Release|x64
		{7146F267-27BF-4313-8CA2-C451BEABFF87}.Release|x64.Build.0 = Release|x64
		{7146F267-27BF-4313-8CA2-C451BEABFF87}.Release|x86.ActiveCfg = Release|Win32
		{7146F267-27BF-4313-8CA2-C451BEABFF87}.Release|x86.Build.0 = Release|Win32
		{22B5ABF2-DBE8-4BF4-A4FA-67D643EEF36D}.Debug|x64.ActiveCfg = Debug|x64
		{22B5ABF2-DBE8-4BF4-A4FA-67D643EEF36D}.Debug|x64.Build.0 = Debug|x64
		{22B5ABF2-DBE8-4BF4-A4FA-67D643EEF36D}.Debug|x86.ActiveCfg = Debug|Win32
		{22B5ABF2-DBE8-4BF4-A4FA-67D643EEF36D}.Debug|x86.Build.0 = Debug|Win32
		{22B5ABF2-DBE8-4BF4-A4FA-67D643EEF36D}.Release|x64.ActiveCfg = Release|x64
		{22B5ABF2-DBE8-4BF4-A4FA-67D643EEF36D}.Release|x64.Build.0 = Release|x64
		{22B5ABF2-DBE8-4BF4-A4FA-67D643EEF36D}.Release|x86.ActiveCfg = Release|Win32
		{22B5ABF2-DBE8-4BF4-A4FA-67D643EEF36D}.Release|x86.Build.0 = Release|Win32
	EndGlobalSection
	GlobalSection(SolutionProperties) = preSolution
		HideSolutionNode = FALSE
	EndGlobalSection
	GlobalSection(ExtensibilityGlobals) = postSolution
		SolutionGuid = {45AE0E16-1401-4324-AEE4-D4F61093A5A0}
	EndGlobalSection
EndGlobal
